
Microsoft Visual Studio Solution File, Format Version 12.00
# Visual Studio 15
VisualStudioVersion = 15.0.27428.2037
MinimumVisualStudioVersion = 10.0.40219.1
Project("{A07B5EB6-E848-4116-A8D0-A826331D98C6}") = "Voting", "Voting\Voting.sfproj", "{933DBE40-2405-4F11-97EF-B484DA564135}"
EndProject
Project("{9A19103F-16F7-4668-BE54-9A1E7A4F7556}") = "VotingWeb", "VotingWeb\VotingWeb.csproj", "{B1C509AE-B9CA-4838-BC02-1FA64DBDB4A1}"
EndProject
Project("{9A19103F-16F7-4668-BE54-9A1E7A4F7556}") = "VotingData", "VotingData\VotingData.csproj", "{45B9E9AA-AA37-449A-97F6-1D0E034E3793}"
EndProject
Project("{FAE04EC0-301F-11D3-BF4B-00C04F79EFBC}") = "VotingCommon", "VotingCommon\VotingCommon.csproj", "{6B5BE118-66A3-4371-BE9A-8B874035EF44}"
EndProject
Global
	GlobalSection(SolutionConfigurationPlatforms) = preSolution
		Debug|Any CPU = Debug|Any CPU
		Debug|x64 = Debug|x64
		Release|Any CPU = Release|Any CPU
		Release|x64 = Release|x64
	EndGlobalSection
	GlobalSection(ProjectConfigurationPlatforms) = postSolution
		{933DBE40-2405-4F11-97EF-B484DA564135}.Debug|Any CPU.ActiveCfg = Debug|x64
		{933DBE40-2405-4F11-97EF-B484DA564135}.Debug|x64.ActiveCfg = Debug|x64
		{933DBE40-2405-4F11-97EF-B484DA564135}.Debug|x64.Build.0 = Debug|x64
		{933DBE40-2405-4F11-97EF-B484DA564135}.Debug|x64.Deploy.0 = Debug|x64
		{933DBE40-2405-4F11-97EF-B484DA564135}.Release|Any CPU.ActiveCfg = Release|x64
		{933DBE40-2405-4F11-97EF-B484DA564135}.Release|x64.ActiveCfg = Release|x64
		{933DBE40-2405-4F11-97EF-B484DA564135}.Release|x64.Build.0 = Release|x64
		{933DBE40-2405-4F11-97EF-B484DA564135}.Release|x64.Deploy.0 = Release|x64
		{B1C509AE-B9CA-4838-BC02-1FA64DBDB4A1}.Debug|Any CPU.ActiveCfg = Debug|Any CPU
		{B1C509AE-B9CA-4838-BC02-1FA64DBDB4A1}.Debug|Any CPU.Build.0 = Debug|Any CPU
		{B1C509AE-B9CA-4838-BC02-1FA64DBDB4A1}.Debug|x64.ActiveCfg = Debug|Any CPU
		{B1C509AE-B9CA-4838-BC02-1FA64DBDB4A1}.Debug|x64.Build.0 = Debug|Any CPU
		{B1C509AE-B9CA-4838-BC02-1FA64DBDB4A1}.Release|Any CPU.ActiveCfg = Release|Any CPU
		{B1C509AE-B9CA-4838-BC02-1FA64DBDB4A1}.Release|Any CPU.Build.0 = Release|Any CPU
		{B1C509AE-B9CA-4838-BC02-1FA64DBDB4A1}.Release|x64.ActiveCfg = Release|Any CPU
		{B1C509AE-B9CA-4838-BC02-1FA64DBDB4A1}.Release|x64.Build.0 = Release|Any CPU
		{45B9E9AA-AA37-449A-97F6-1D0E034E3793}.Debug|Any CPU.ActiveCfg = Debug|Any CPU
		{45B9E9AA-AA37-449A-97F6-1D0E034E3793}.Debug|Any CPU.Build.0 = Debug|Any CPU
		{45B9E9AA-AA37-449A-97F6-1D0E034E3793}.Debug|x64.ActiveCfg = Debug|Any CPU
		{45B9E9AA-AA37-449A-97F6-1D0E034E3793}.Debug|x64.Build.0 = Debug|Any CPU
		{45B9E9AA-AA37-449A-97F6-1D0E034E3793}.Release|Any CPU.ActiveCfg = Release|Any CPU
		{45B9E9AA-AA37-449A-97F6-1D0E034E3793}.Release|Any CPU.Build.0 = Release|Any CPU
		{45B9E9AA-AA37-449A-97F6-1D0E034E3793}.Release|x64.ActiveCfg = Release|Any CPU
		{45B9E9AA-AA37-449A-97F6-1D0E034E3793}.Release|x64.Build.0 = Release|Any CPU
		{6B5BE118-66A3-4371-BE9A-8B874035EF44}.Debug|Any CPU.ActiveCfg = Debug|Any CPU
		{6B5BE118-66A3-4371-BE9A-8B874035EF44}.Debug|Any CPU.Build.0 = Debug|Any CPU
		{6B5BE118-66A3-4371-BE9A-8B874035EF44}.Debug|x64.ActiveCfg = Debug|Any CPU
		{6B5BE118-66A3-4371-BE9A-8B874035EF44}.Debug|x64.Build.0 = Debug|Any CPU
		{6B5BE118-66A3-4371-BE9A-8B874035EF44}.Release|Any CPU.ActiveCfg = Release|Any CPU
		{6B5BE118-66A3-4371-BE9A-8B874035EF44}.Release|Any CPU.Build.0 = Release|Any CPU
		{6B5BE118-66A3-4371-BE9A-8B874035EF44}.Release|x64.ActiveCfg = Release|Any CPU
		{6B5BE118-66A3-4371-BE9A-8B874035EF44}.Release|x64.Build.0 = Release|Any CPU
	EndGlobalSection
	GlobalSection(SolutionProperties) = preSolution
		HideSolutionNode = FALSE
	EndGlobalSection
	GlobalSection(ExtensibilityGlobals) = postSolution
		SolutionGuid = {D25E1705-5558-4DC4-B17C-9B1E8A4C4139}
	EndGlobalSection
EndGlobal
